
Microsoft Visual Studio Solution File, Format Version 12.00
# Visual Studio Version 16
VisualStudioVersion = 16.0.30907.101
MinimumVisualStudioVersion = 10.0.40219.1
Project("{FAE04EC0-301F-11D3-BF4B-00C04F79EFBC}") = "Inventory_Mng", "Inventory_Mng\Inventory_Mng.csproj", "{EF982DDD-FB4D-4700-A8D2-7B1E783EEC06}"
EndProject
Project("{FAE04EC0-301F-11D3-BF4B-00C04F79EFBC}") = "InventorySystem", "InventorySystem\InventorySystem.csproj", "{8EF76B21-8BBC-40E7-A508-EBA0B4E4F59C}"
EndProject
Global
	GlobalSection(SolutionConfigurationPlatforms) = preSolution
		Debug|Any CPU = Debug|Any CPU
		Release|Any CPU = Release|Any CPU
	EndGlobalSection
	GlobalSection(ProjectConfigurationPlatforms) = postSolution
		{EF982DDD-FB4D-4700-A8D2-7B1E783EEC06}.Debug|Any CPU.ActiveCfg = Debug|Any CPU
		{EF982DDD-FB4D-4700-A8D2-7B1E783EEC06}.Debug|Any CPU.Build.0 = Debug|Any CPU
		{EF982DDD-FB4D-4700-A8D2-7B1E783EEC06}.Release|Any CPU.ActiveCfg = Release|Any CPU
		{EF982DDD-FB4D-4700-A8D2-7B1E783EEC06}.Release|Any CPU.Build.0 = Release|Any CPU
		{8EF76B21-8BBC-40E7-A508-EBA0B4E4F59C}.Debug|Any CPU.ActiveCfg = Debug|Any CPU
		{8EF76B21-8BBC-40E7-A508-EBA0B4E4F59C}.Debug|Any CPU.Build.0 = Debug|Any CPU
		{8EF76B21-8BBC-40E7-A508-EBA0B4E4F59C}.Release|Any CPU.ActiveCfg = Release|Any CPU
		{8EF76B21-8BBC-40E7-A508-EBA0B4E4F59C}.Release|Any CPU.Build.0 = Release|Any CPU
	EndGlobalSection
	GlobalSection(SolutionProperties) = preSolution
		HideSolutionNode = FALSE
	EndGlobalSection
	GlobalSection(ExtensibilityGlobals) = postSolution
		SolutionGuid = {17059D3D-3718-49CF-B75A-2B8C2B7B902A}
	EndGlobalSection
EndGlobal
